
Microsoft Visual Studio Solution File, Format Version 12.00
# Visual Studio Version 16
VisualStudioVersion = 16.0.32407.337
MinimumVisualStudioVersion = 10.0.40219.1
Project("{FAE04EC0-301F-11D3-BF4B-00C04F79EFBC}") = "APPMOBMEDIA.Android", "APPMOBMEDIA\APPMOBMEDIA.Android\APPMOBMEDIA.Android.csproj", "{26FB6F56-E5DA-4C12-A91D-CB8E8F30B3E7}"
EndProject
Project("{FAE04EC0-301F-11D3-BF4B-00C04F79EFBC}") = "APPMOBMEDIA.iOS", "APPMOBMEDIA\APPMOBMEDIA.iOS\APPMOBMEDIA.iOS.csproj", "{4F11E631-1585-4151-A77B-3FFEC10D8F1E}"
EndProject
Project("{FAE04EC0-301F-11D3-BF4B-00C04F79EFBC}") = "APPMOBMEDIA", "APPMOBMEDIA\APPMOBMEDIA\APPMOBMEDIA.csproj", "{725DFB7A-3456-4DDB-9F44-F8CAC44F7115}"
EndProject
Global
	GlobalSection(SolutionConfigurationPlatforms) = preSolution
		Debug|Any CPU = Debug|Any CPU
		Debug|iPhone = Debug|iPhone
		Debug|iPhoneSimulator = Debug|iPhoneSimulator
		Release|Any CPU = Release|Any CPU
		Release|iPhone = Release|iPhone
		Release|iPhoneSimulator = Release|iPhoneSimulator
	EndGlobalSection
	GlobalSection(ProjectConfigurationPlatforms) = postSolution
		{26FB6F56-E5DA-4C12-A91D-CB8E8F30B3E7}.Debug|Any CPU.ActiveCfg = Debug|Any CPU
		{26FB6F56-E5DA-4C12-A91D-CB8E8F30B3E7}.Debug|Any CPU.Build.0 = Debug|Any CPU
		{26FB6F56-E5DA-4C12-A91D-CB8E8F30B3E7}.Debug|Any CPU.Deploy.0 = Debug|Any CPU
		{26FB6F56-E5DA-4C12-A91D-CB8E8F30B3E7}.Debug|iPhone.ActiveCfg = Debug|Any CPU
		{26FB6F56-E5DA-4C12-A91D-CB8E8F30B3E7}.Debug|iPhone.Build.0 = Debug|Any CPU
		{26FB6F56-E5DA-4C12-A91D-CB8E8F30B3E7}.Debug|iPhone.Deploy.0 = Debug|Any CPU
		{26FB6F56-E5DA-4C12-A91D-CB8E8F30B3E7}.Debug|iPhoneSimulator.ActiveCfg = Debug|Any CPU
		{26FB6F56-E5DA-4C12-A91D-CB8E8F30B3E7}.Debug|iPhoneSimulator.Build.0 = Debug|Any CPU
		{26FB6F56-E5DA-4C12-A91D-CB8E8F30B3E7}.Debug|iPhoneSimulator.Deploy.0 = Debug|Any CPU
		{26FB6F56-E5DA-4C12-A91D-CB8E8F30B3E7}.Release|Any CPU.ActiveCfg = Release|Any CPU
		{26FB6F56-E5DA-4C12-A91D-CB8E8F30B3E7}.Release|Any CPU.Build.0 = Release|Any CPU
		{26FB6F56-E5DA-4C12-A91D-CB8E8F30B3E7}.Release|Any CPU.Deploy.0 = Release|Any CPU
		{26FB6F56-E5DA-4C12-A91D-CB8E8F30B3E7}.Release|iPhone.ActiveCfg = Release|Any CPU
		{26FB6F56-E5DA-4C12-A91D-CB8E8F30B3E7}.Release|iPhone.Build.0 = Release|Any CPU
		{26FB6F56-E5DA-4C12-A91D-CB8E8F30B3E7}.Release|iPhone.Deploy.0 = Release|Any CPU
		{26FB6F56-E5DA-4C12-A91D-CB8E8F30B3E7}.Release|iPhoneSimulator.ActiveCfg = Release|Any CPU
		{26FB6F56-E5DA-4C12-A91D-CB8E8F30B3E7}.Release|iPhoneSimulator.Build.0 = Release|Any CPU
		{26FB6F56-E5DA-4C12-A91D-CB8E8F30B3E7}.Release|iPhoneSimulator.Deploy.0 = Release|Any CPU
		{4F11E631-1585-4151-A77B-3FFEC10D8F1E}.Debug|Any CPU.ActiveCfg = Debug|iPhone
		{4F11E631-1585-4151-A77B-3FFEC10D8F1E}.Debug|Any CPU.Build.0 = Debug|iPhone
		{4F11E631-1585-4151-A77B-3FFEC10D8F1E}.Debug|Any CPU.Deploy.0 = Debug|iPhone
		{4F11E631-1585-4151-A77B-3FFEC10D8F1E}.Debug|iPhone.ActiveCfg = Debug|iPhone
		{4F11E631-1585-4151-A77B-3FFEC10D8F1E}.Debug|iPhone.Build.0 = Debug|iPhone
		{4F11E631-1585-4151-A77B-3FFEC10D8F1E}.Debug|iPhone.Deploy.0 = Debug|iPhone
		{4F11E631-1585-4151-A77B-3FFEC10D8F1E}.Debug|iPhoneSimulator.ActiveCfg = Debug|iPhoneSimulator
		{4F11E631-1585-4151-A77B-3FFEC10D8F1E}.Debug|iPhoneSimulator.Build.0 = Debug|iPhoneSimulator
		{4F11E631-1585-4151-A77B-3FFEC10D8F1E}.Debug|iPhoneSimulator.Deploy.0 = Debug|iPhoneSimulator
		{4F11E631-1585-4151-A77B-3FFEC10D8F1E}.Release|Any CPU.ActiveCfg = Release|iPhoneSimulator
		{4F11E631-1585-4151-A77B-3FFEC10D8F1E}.Release|Any CPU.Build.0 = Release|iPhoneSimulator
		{4F11E631-1585-4151-A77B-3FFEC10D8F1E}.Release|Any CPU.Deploy.0 = Release|iPhoneSimulator
		{4F11E631-1585-4151-A77B-3FFEC10D8F1E}.Release|iPhone.ActiveCfg = Release|iPhone
		{4F11E631-1585-4151-A77B-3FFEC10D8F1E}.Release|iPhone.Build.0 = Release|iPhone
		{4F11E631-1585-4151-A77B-3FFEC10D8F1E}.Release|iPhone.Deploy.0 = Release|iPhone
		{4F11E631-1585-4151-A77B-3FFEC10D8F1E}.Release|iPhoneSimulator.ActiveCfg = Release|iPhoneSimulator
		{4F11E631-1585-4151-A77B-3FFEC10D8F1E}.Release|iPhoneSimulator.Build.0 = Release|iPhoneSimulator
		{4F11E631-1585-4151-A77B-3FFEC10D8F1E}.Release|iPhoneSimulator.Deploy.0 = Release|iPhoneSimulator
		{725DFB7A-3456-4DDB-9F44-F8CAC44F7115}.Debug|Any CPU.ActiveCfg = Debug|Any CPU
		{725DFB7A-3456-4DDB-9F44-F8CAC44F7115}.Debug|Any CPU.Build.0 = Debug|Any CPU
		{725DFB7A-3456-4DDB-9F44-F8CAC44F7115}.Debug|Any CPU.Deploy.0 = Debug|Any CPU
		{725DFB7A-3456-4DDB-9F44-F8CAC44F7115}.Debug|iPhone.ActiveCfg = Debug|Any CPU
		{725DFB7A-3456-4DDB-9F44-F8CAC44F7115}.Debug|iPhone.Build.0 = Debug|Any CPU
		{725DFB7A-3456-4DDB-9F44-F8CAC44F7115}.Debug|iPhone.Deploy.0 = Debug|Any CPU
		{725DFB7A-3456-4DDB-9F44-F8CAC44F7115}.Debug|iPhoneSimulator.ActiveCfg = Debug|Any CPU
		{725DFB7A-3456-4DDB-9F44-F8CAC44F7115}.Debug|iPhoneSimulator.Build.0 = Debug|Any CPU
		{725DFB7A-3456-4DDB-9F44-F8CAC44F7115}.Debug|iPhoneSimulator.Deploy.0 = Debug|Any CPU
		{725DFB7A-3456-4DDB-9F44-F8CAC44F7115}.Release|Any CPU.ActiveCfg = Release|Any CPU
		{725DFB7A-3456-4DDB-9F44-F8CAC44F7115}.Release|Any CPU.Build.0 = Release|Any CPU
		{725DFB7A-3456-4DDB-9F44-F8CAC44F7115}.Release|Any CPU.Deploy.0 = Release|Any CPU
		{725DFB7A-3456-4DDB-9F44-F8CAC44F7115}.Release|iPhone.ActiveCfg = Release|Any CPU
		{725DFB7A-3456-4DDB-9F44-F8CAC44F7115}.Release|iPhone.Build.0 = Release|Any CPU
		{725DFB7A-3456-4DDB-9F44-F8CAC44F7115}.Release|iPhone.Deploy.0 = Release|Any CPU
		{725DFB7A-3456-4DDB-9F44-F8CAC44F7115}.Release|iPhoneSimulator.ActiveCfg = Release|Any CPU
		{725DFB7A-3456-4DDB-9F44-F8CAC44F7115}.Release|iPhoneSimulator.Build.0 = Release|Any CPU
		{725DFB7A-3456-4DDB-9F44-F8CAC44F7115}.Release|iPhoneSimulator.Deploy.0 = Release|Any CPU
	EndGlobalSection
	GlobalSection(SolutionProperties) = preSolution
		HideSolutionNode = FALSE
	EndGlobalSection
	GlobalSection(ExtensibilityGlobals) = postSolution
		SolutionGuid = {006063FA-85FF-434C-B08F-A52504772575}
	EndGlobalSection
EndGlobal
